
Microsoft Visual Studio Solution File, Format Version 12.00
# Visual Studio Version 16
VisualStudioVersion = 16.0.29123.88
MinimumVisualStudioVersion = 10.0.40219.1
Project("{FAE04EC0-301F-11D3-BF4B-00C04F79EFBC}") = "RemYardInventory", "RemYardInventory\RemYardInventory.csproj", "{46956E30-97D8-4BAD-9263-5A74C4A72080}"
EndProject
Global
	GlobalSection(SolutionConfigurationPlatforms) = preSolution
		Debug|Any CPU = Debug|Any CPU
		Release|Any CPU = Release|Any CPU
	EndGlobalSection
	GlobalSection(ProjectConfigurationPlatforms) = postSolution
		{46956E30-97D8-4BAD-9263-5A74C4A72080}.Debug|Any CPU.ActiveCfg = Debug|Any CPU
		{46956E30-97D8-4BAD-9263-5A74C4A72080}.Debug|Any CPU.Build.0 = Debug|Any CPU
		{46956E30-97D8-4BAD-9263-5A74C4A72080}.Release|Any CPU.ActiveCfg = Release|Any CPU
		{46956E30-97D8-4BAD-9263-5A74C4A72080}.Release|Any CPU.Build.0 = Release|Any CPU
	EndGlobalSection
	GlobalSection(SolutionProperties) = preSolution
		HideSolutionNode = FALSE
	EndGlobalSection
	GlobalSection(ExtensibilityGlobals) = postSolution
		SolutionGuid = {77EFB937-18EF-409D-9F46-6A476E47B84D}
	EndGlobalSection
EndGlobal
